
Microsoft Visual Studio Solution File, Format Version 12.00
# Visual Studio Version 17
VisualStudioVersion = 17.8.34309.116
MinimumVisualStudioVersion = 10.0.40219.1
Project("{FAE04EC0-301F-11D3-BF4B-00C04F79EFBC}") = "BeerSong", "BeerSong\BeerSong.csproj", "{C95BBC86-CA6D-4BF9-B5B0-5D0B04CB2E0D}"
EndProject
Global
	GlobalSection(SolutionConfigurationPlatforms) = preSolution
		Debug|Any CPU = Debug|Any CPU
		Release|Any CPU = Release|Any CPU
	EndGlobalSection
	GlobalSection(ProjectConfigurationPlatforms) = postSolution
		{C95BBC86-CA6D-4BF9-B5B0-5D0B04CB2E0D}.Debug|Any CPU.ActiveCfg = Debug|Any CPU
		{C95BBC86-CA6D-4BF9-B5B0-5D0B04CB2E0D}.Debug|Any CPU.Build.0 = Debug|Any CPU
		{C95BBC86-CA6D-4BF9-B5B0-5D0B04CB2E0D}.Release|Any CPU.ActiveCfg = Release|Any CPU
		{C95BBC86-CA6D-4BF9-B5B0-5D0B04CB2E0D}.Release|Any CPU.Build.0 = Release|Any CPU
	EndGlobalSection
	GlobalSection(SolutionProperties) = preSolution
		HideSolutionNode = FALSE
	EndGlobalSection
	GlobalSection(ExtensibilityGlobals) = postSolution
		SolutionGuid = {41DC4D86-C782-42F3-81A2-F8B1E75DC12B}
	EndGlobalSection
EndGlobal
